<?xml version="1.0" encoding="utf-8"?>
<Project ToolsVersion="4.0" xmlns="http://schemas.microsoft.com/developer/msbuild/2003">
  <ItemGroup>
    <Filter Include="Source Files">
      <UniqueIdentifier>{4FC737F1-C7A5-4376-A066-2A32D752A2FF}</UniqueIdentifier>
      <Extensions>cpp;c;cc;cxx;def;odl;idl;hpj;bat;asm;asmx</Extensions>
    </Filter>
    <Filter Include="Header Files">
      <UniqueIdentifier>{93995380-89BD-4b04-88EB-625FBE52EBFB}</UniqueIdentifier>
      <Extensions>h;hh;hpp;hxx;hm;inl;inc;xsd</Extensions>
    </Filter>
    <Filter Include="Resource Files">
      <UniqueIdentifier>{67DA6AB6-F800-4c08-8B7A-83BB121AAD01}</UniqueIdentifier>
      <Extensions>rc;ico;cur;bmp;dlg;rc2;rct;bin;rgs;gif;jpg;jpeg;jpe;resx;tiff;tif;png;wav;mfcribbon-ms</Extensions>
    </Filter>
  </ItemGroup>
  <ItemGroup>
    <ClCompile Include="GameWindow.cpp">
      <Filter>Source Files</Filter>
    </ClCompile>
    <ClCompile Include="Game.cpp">
      <Filter>Source Files</Filter>
    </ClCompile>
    <ClCompile Include="Renderer.cpp">
      <Filter>Source Files</Filter>
    </ClCompile>
    <ClCompile Include="Timer.cpp">
      <Filter>Source Files</Filter>
    </ClCompile>
    <ClCompile Include="Types\Matrix.cpp">
      <Filter>Source Files</Filter>
    </ClCompile>
    <ClCompile Include="BaseCamera.cpp">
      <Filter>Source Files</Filter>
    </ClCompile>
    <ClCompile Include="GameObject.cpp">
      <Filter>Source Files</Filter>
    </ClCompile>
    <ClCompile Include="Resources\Mesh.cpp">
      <Filter>Source Files</Filter>
    </ClCompile>
    <ClCompile Include="Resources\AbstractResource.cpp">
      <Filter>Source Files</Filter>
    </ClCompile>
    <ClCompile Include="Resources\tinyxml2.cpp">
      <Filter>Source Files</Filter>
    </ClCompile>
    <ClCompile Include="D3DInitializer.cpp">
      <Filter>Source Files</Filter>
    </ClCompile>
    <ClCompile Include="Entities\Entity.cpp">
      <Filter>Source Files</Filter>
    </ClCompile>
    <ClCompile Include="Components\Component.cpp">
      <Filter>Source Files</Filter>
    </ClCompile>
    <ClCompile Include="Entities\DroneEntity.cpp">
      <Filter>Source Files</Filter>
    </ClCompile>
    <ClCompile Include="Components\MeshComponent.cpp">
      <Filter>Source Files</Filter>
    </ClCompile>
    <ClCompile Include="Components\PropellerComponent.cpp">
      <Filter>Source Files</Filter>
    </ClCompile>
    <ClCompile Include="Resources\Texture.cpp">
      <Filter>Source Files</Filter>
    </ClCompile>
    <ClCompile Include="Components\PointLightComponent.cpp">
      <Filter>Source Files</Filter>
    </ClCompile>
    <ClCompile Include="Types\Vector3.cpp">
      <Filter>Source Files</Filter>
    </ClCompile>
    <ClCompile Include="Types\Vector4.cpp">
      <Filter>Source Files</Filter>
    </ClCompile>
    <ClCompile Include="Util.cpp">
      <Filter>Source Files</Filter>
    </ClCompile>
    <ClCompile Include="Components\CameraComponent.cpp">
      <Filter>Source Files</Filter>
    </ClCompile>
    <ClCompile Include="Entities\World.cpp">
      <Filter>Source Files</Filter>
    </ClCompile>
    <ClCompile Include="Components\InputComponent.cpp">
      <Filter>Source Files</Filter>
    </ClCompile>
    <ClCompile Include="Resources\LevelLoader.cpp">
      <Filter>Source Files</Filter>
    </ClCompile>
    <ClCompile Include="Resources\ResourceLoader.cpp">
      <Filter>Source Files</Filter>
    </ClCompile>
    <ClCompile Include="DebugRenderer.cpp">
      <Filter>Source Files</Filter>
    </ClCompile>
    <ClCompile Include="Resources\Material.cpp">
      <Filter>Source Files</Filter>
    </ClCompile>
    <ClCompile Include="Resources\VertexShader.cpp">
      <Filter>Source Files</Filter>
    </ClCompile>
    <ClCompile Include="Resources\PixelShader.cpp">
      <Filter>Source Files</Filter>
    </ClCompile>
    <ClCompile Include="Client.cpp">
      <Filter>Source Files</Filter>
    </ClCompile>
    <ClCompile Include="Entities\StartPoint.cpp">
      <Filter>Source Files</Filter>
    </ClCompile>
    <ClCompile Include="Resources\ComputeShader.cpp">
      <Filter>Source Files</Filter>
    </ClCompile>
    <ClCompile Include="Resources\Configuration.cpp">
      <Filter>Source Files</Filter>
    </ClCompile>
    <ClCompile Include="Entities\RocketLauncher.cpp">
      <Filter>Source Files</Filter>
    </ClCompile>
    <ClCompile Include="Entities\Rocket.cpp">
      <Filter>Source Files</Filter>
    </ClCompile>
    <ClCompile Include="Components\ColliderComponent.cpp">
      <Filter>Source Files</Filter>
    </ClCompile>
    <ClCompile Include="Entities\FlagPlatform.cpp">
      <Filter>Source Files</Filter>
    </ClCompile>
    <ClCompile Include="Entities\DroneCamera.cpp">
      <Filter>Source Files</Filter>
    </ClCompile>
    <ClCompile Include="Components\RigidBodyComponent.cpp">
      <Filter>Source Files</Filter>
    </ClCompile>
    <ClCompile Include="Entities\HexaTerrain.cpp">
      <Filter>Source Files</Filter>
    </ClCompile>
    <ClCompile Include="Resources\HexaTerrainResource.cpp">
      <Filter>Source Files</Filter>
    </ClCompile>
  </ItemGroup>
  <ItemGroup>
    <ClInclude Include="Game.h">
      <Filter>Header Files</Filter>
    </ClInclude>
    <ClInclude Include="Renderer.h">
      <Filter>Header Files</Filter>
    </ClInclude>
    <ClInclude Include="Timer.h">
      <Filter>Header Files</Filter>
    </ClInclude>
    <ClInclude Include="Types\Matrix.h">
      <Filter>Header Files</Filter>
    </ClInclude>
    <ClInclude Include="BaseCamera.h">
      <Filter>Header Files</Filter>
    </ClInclude>
    <ClInclude Include="GameObject.h">
      <Filter>Header Files</Filter>
    </ClInclude>
    <ClInclude Include="Types\Vertex.h">
      <Filter>Header Files</Filter>
    </ClInclude>
    <ClInclude Include="Resources\Mesh.h">
      <Filter>Header Files</Filter>
    </ClInclude>
    <ClInclude Include="Resources\AbstractResource.h">
      <Filter>Header Files</Filter>
    </ClInclude>
    <ClInclude Include="Types\TimeStamp.h">
      <Filter>Header Files</Filter>
    </ClInclude>
    <ClInclude Include="Resources\tinyxml2.h">
      <Filter>Header Files</Filter>
    </ClInclude>
    <ClInclude Include="D3DInitializer.h">
      <Filter>Header Files</Filter>
    </ClInclude>
    <ClInclude Include="Entities\Entity.h">
      <Filter>Header Files</Filter>
    </ClInclude>
    <ClInclude Include="Components\Component.h">
      <Filter>Header Files</Filter>
    </ClInclude>
    <ClInclude Include="Entities\DroneEntity.h">
      <Filter>Header Files</Filter>
    </ClInclude>
    <ClInclude Include="Components\MeshComponent.h">
      <Filter>Header Files</Filter>
    </ClInclude>
    <ClInclude Include="Components\PropellerComponent.h">
      <Filter>Header Files</Filter>
    </ClInclude>
    <ClInclude Include="Resources\Texture.h">
      <Filter>Header Files</Filter>
    </ClInclude>
    <ClInclude Include="Types\DirectionalLight.h">
      <Filter>Header Files</Filter>
    </ClInclude>
    <ClInclude Include="Components\PointLightComponent.h">
      <Filter>Header Files</Filter>
    </ClInclude>
    <ClInclude Include="Types\PointLight.h">
      <Filter>Header Files</Filter>
    </ClInclude>
    <ClInclude Include="Types\Vector3.h">
      <Filter>Header Files</Filter>
    </ClInclude>
    <ClInclude Include="Types\Vector4.h">
      <Filter>Header Files</Filter>
    </ClInclude>
    <ClInclude Include="Util.h">
      <Filter>Header Files</Filter>
    </ClInclude>
    <ClInclude Include="Components\CameraComponent.h">
      <Filter>Header Files</Filter>
    </ClInclude>
    <ClInclude Include="Entities\World.h">
      <Filter>Header Files</Filter>
    </ClInclude>
    <ClInclude Include="Components\InputComponent.h">
      <Filter>Header Files</Filter>
    </ClInclude>
    <ClInclude Include="Resources\LevelLoader.h">
      <Filter>Header Files</Filter>
    </ClInclude>
    <ClInclude Include="Resources\ResourceLoader.h">
      <Filter>Header Files</Filter>
    </ClInclude>
    <ClInclude Include="DebugRenderer.h">
      <Filter>Header Files</Filter>
    </ClInclude>
    <ClInclude Include="Resources\Material.h">
      <Filter>Header Files</Filter>
    </ClInclude>
    <ClInclude Include="Types\Socket.h">
      <Filter>Header Files</Filter>
    </ClInclude>
    <ClInclude Include="Resources\VertexShader.h">
      <Filter>Header Files</Filter>
    </ClInclude>
    <ClInclude Include="Resources\PixelShader.h">
      <Filter>Header Files</Filter>
    </ClInclude>
    <ClInclude Include="Client.h">
      <Filter>Header Files</Filter>
    </ClInclude>
    <ClInclude Include="Entities\StartPoint.h">
      <Filter>Header Files</Filter>
    </ClInclude>
    <ClInclude Include="Resources\ComputeShader.h">
      <Filter>Header Files</Filter>
    </ClInclude>
    <ClInclude Include="Resources\Configuration.h">
      <Filter>Header Files</Filter>
    </ClInclude>
    <ClInclude Include="Entities\RocketLauncher.h">
      <Filter>Header Files</Filter>
    </ClInclude>
    <ClInclude Include="Entities\Rocket.h">
      <Filter>Header Files</Filter>
    </ClInclude>
    <ClInclude Include="Components\ColliderComponent.h">
      <Filter>Header Files</Filter>
    </ClInclude>
    <ClInclude Include="Entities\FlagPlatform.h">
      <Filter>Header Files</Filter>
    </ClInclude>
    <ClInclude Include="Entities\DroneCamera.h">
      <Filter>Header Files</Filter>
    </ClInclude>
    <ClInclude Include="CollisionListener.h">
      <Filter>Header Files</Filter>
    </ClInclude>
    <ClInclude Include="Components\RigidBodyComponent.h">
      <Filter>Header Files</Filter>
    </ClInclude>
    <ClInclude Include="Entities\HexaTerrain.h">
      <Filter>Header Files</Filter>
    </ClInclude>
    <ClInclude Include="Resources\HexaTerrainResource.h">
      <Filter>Header Files</Filter>
    </ClInclude>
  </ItemGroup>
</Project>